Microsoft Visual Studio Solution File, Format Version 12.00
# Visual Studio 15
VisualStudioVersion = 15.0.26430.13
MinimumVisualStudioVersion = 10.0.40219.1
Project("{2150E333-8FDC-42A3-9474-1A3956D46DE8}") = "CMakePredefinedTargets", "CMakePredefinedTargets", "{E3DA893F-48B5-3AB8-B313-1770C71725D9}"
EndProject
Project("{2150E333-8FDC-42A3-9474-1A3956D46DE8}") = "FireBreath Core", "FireBreath Core", "{A7E1B84C-CF91-3678-8374-3AF52A812614}"
EndProject
Project("{2150E333-8FDC-42A3-9474-1A3956D46DE8}") = "FireBreath Generated", "FireBreath Generated", "{F4B759DB-2EC5-330E-9F93-2C5DFDC95D2A}"
EndProject
Project("{2150E333-8FDC-42A3-9474-1A3956D46DE8}") = "Libraries", "Libraries", "{F724DB3F-C621-3DA9-A9DF-EF59FE998975}"
EndProject
Project("{2150E333-8FDC-42A3-9474-1A3956D46DE8}") = "UnitTests", "UnitTests", "{4BE2CDD4-DB1A-3A31-B067-4B8E72AED6F6}"
EndProject
Project("{8BC9CEB8-8B4A-11D0-8D11-00A0C91BC942}") = "ALL_BUILD", "ALL_BUILD.vcxproj", "{72816D1C-310C-3A62-A9D9-92F04000F397}"
	ProjectSection(ProjectDependencies) = postProject
		{2686416D-7BB8-3605-BB09-3C96E859E125} = {2686416D-7BB8-3605-BB09-3C96E859E125}
		{677EAA6E-BBFD-358A-830A-E34EC6436495} = {677EAA6E-BBFD-358A-830A-E34EC6436495}
		{60B4D32C-2B0C-3995-938D-587400724588} = {60B4D32C-2B0C-3995-938D-587400724588}
		{862CAF85-6756-30A5-9B81-74726AD24861} = {862CAF85-6756-30A5-9B81-74726AD24861}
		{324C0D68-B65F-3F33-BB06-99F0880EF0F0} = {324C0D68-B65F-3F33-BB06-99F0880EF0F0}
		{DE467C0A-A440-3270-B1B1-16A597BDCD7F} = {DE467C0A-A440-3270-B1B1-16A597BDCD7F}
		{4416CB9F-6A04-3162-8425-E42B215370AE} = {4416CB9F-6A04-3162-8425-E42B215370AE}
		{B2331BCD-E942-3D76-99C7-B9655A6ECAE2} = {B2331BCD-E942-3D76-99C7-B9655A6ECAE2}
		{5806EA1E-4E4B-3AD6-8E40-D9D6EB5EBC0E} = {5806EA1E-4E4B-3AD6-8E40-D9D6EB5EBC0E}
		{25197F80-693A-3B26-AF7D-A869C83EDB4F} = {25197F80-693A-3B26-AF7D-A869C83EDB4F}
		{E303E255-1E8C-3C8F-AE31-857984EB7393} = {E303E255-1E8C-3C8F-AE31-857984EB7393}
		{B0B1E2DB-72BA-3A8F-AA2F-9ACE6F555059} = {B0B1E2DB-72BA-3A8F-AA2F-9ACE6F555059}
		{B491BCBE-945C-38DE-845F-99A9D6EE383C} = {B491BCBE-945C-38DE-845F-99A9D6EE383C}
		{176891E6-0044-39B6-BEEA-358A0D2BB2A3} = {176891E6-0044-39B6-BEEA-358A0D2BB2A3}
	EndProjectSection
EndProject
Project("{8BC9CEB8-8B4A-11D0-8D11-00A0C91BC942}") = "ActiveXCore", "ActiveXCore\ActiveXCore.vcxproj", "{2686416D-7BB8-3605-BB09-3C96E859E125}"
	ProjectSection(ProjectDependencies) = postProject
		{862CAF85-6756-30A5-9B81-74726AD24861} = {862CAF85-6756-30A5-9B81-74726AD24861}
		{324C0D68-B65F-3F33-BB06-99F0880EF0F0} = {324C0D68-B65F-3F33-BB06-99F0880EF0F0}
		{5806EA1E-4E4B-3AD6-8E40-D9D6EB5EBC0E} = {5806EA1E-4E4B-3AD6-8E40-D9D6EB5EBC0E}
		{B0B1E2DB-72BA-3A8F-AA2F-9ACE6F555059} = {B0B1E2DB-72BA-3A8F-AA2F-9ACE6F555059}
		{B491BCBE-945C-38DE-845F-99A9D6EE383C} = {B491BCBE-945C-38DE-845F-99A9D6EE383C}
	EndProjectSection
EndProject
Project("{8BC9CEB8-8B4A-11D0-8D11-00A0C91BC942}") = "FireBreath_Cmake", "cmake_common\FireBreath_Cmake.vcxproj", "{677EAA6E-BBFD-358A-830A-E34EC6436495}"
	ProjectSection(ProjectDependencies) = postProject
		{5806EA1E-4E4B-3AD6-8E40-D9D6EB5EBC0E} = {5806EA1E-4E4B-3AD6-8E40-D9D6EB5EBC0E}
	EndProjectSection
EndProject
Project("{8BC9CEB8-8B4A-11D0-8D11-00A0C91BC942}") = "NpapiCore", "NpapiCore\NpapiCore.vcxproj", "{60B4D32C-2B0C-3995-938D-587400724588}"
	ProjectSection(ProjectDependencies) = postProject
		{5806EA1E-4E4B-3AD6-8E40-D9D6EB5EBC0E} = {5806EA1E-4E4B-3AD6-8E40-D9D6EB5EBC0E}
		{B0B1E2DB-72BA-3A8F-AA2F-9ACE6F555059} = {B0B1E2DB-72BA-3A8F-AA2F-9ACE6F555059}
		{B491BCBE-945C-38DE-845F-99A9D6EE383C} = {B491BCBE-945C-38DE-845F-99A9D6EE383C}
	EndProjectSection
EndProject
Project("{8BC9CEB8-8B4A-11D0-8D11-00A0C91BC942}") = "PluginCore", "PluginCore\PluginCore.vcxproj", "{862CAF85-6756-30A5-9B81-74726AD24861}"
	ProjectSection(ProjectDependencies) = postProject
		{5806EA1E-4E4B-3AD6-8E40-D9D6EB5EBC0E} = {5806EA1E-4E4B-3AD6-8E40-D9D6EB5EBC0E}
	EndProjectSection
EndProject
Project("{8BC9CEB8-8B4A-11D0-8D11-00A0C91BC942}") = "ScriptingCore", "ScriptingCore\ScriptingCore.vcxproj", "{324C0D68-B65F-3F33-BB06-99F0880EF0F0}"
	ProjectSection(ProjectDependencies) = postProject
		{5806EA1E-4E4B-3AD6-8E40-D9D6EB5EBC0E} = {5806EA1E-4E4B-3AD6-8E40-D9D6EB5EBC0E}
		{B0B1E2DB-72BA-3A8F-AA2F-9ACE6F555059} = {B0B1E2DB-72BA-3A8F-AA2F-9ACE6F555059}
		{B491BCBE-945C-38DE-845F-99A9D6EE383C} = {B491BCBE-945C-38DE-845F-99A9D6EE383C}
	EndProjectSection
EndProject
Project("{8BC9CEB8-8B4A-11D0-8D11-00A0C91BC942}") = "UnitTest++", "unittest-cpp\UnitTest++\UnitTest++.vcxproj", "{DE467C0A-A440-3270-B1B1-16A597BDCD7F}"
	ProjectSection(ProjectDependencies) = postProject
		{5806EA1E-4E4B-3AD6-8E40-D9D6EB5EBC0E} = {5806EA1E-4E4B-3AD6-8E40-D9D6EB5EBC0E}
	EndProjectSection
EndProject
Project("{8BC9CEB8-8B4A-11D0-8D11-00A0C91BC942}") = "UnitTest_ActiveXCore", "ActiveXCoreTest\UnitTest_ActiveXCore.vcxproj", "{4416CB9F-6A04-3162-8425-E42B215370AE}"
	ProjectSection(ProjectDependencies) = postProject
		{2686416D-7BB8-3605-BB09-3C96E859E125} = {2686416D-7BB8-3605-BB09-3C96E859E125}
		{60B4D32C-2B0C-3995-938D-587400724588} = {60B4D32C-2B0C-3995-938D-587400724588}
		{862CAF85-6756-30A5-9B81-74726AD24861} = {862CAF85-6756-30A5-9B81-74726AD24861}
		{324C0D68-B65F-3F33-BB06-99F0880EF0F0} = {324C0D68-B65F-3F33-BB06-99F0880EF0F0}
		{DE467C0A-A440-3270-B1B1-16A597BDCD7F} = {DE467C0A-A440-3270-B1B1-16A597BDCD7F}
		{5806EA1E-4E4B-3AD6-8E40-D9D6EB5EBC0E} = {5806EA1E-4E4B-3AD6-8E40-D9D6EB5EBC0E}
		{25197F80-693A-3B26-AF7D-A869C83EDB4F} = {25197F80-693A-3B26-AF7D-A869C83EDB4F}
		{E303E255-1E8C-3C8F-AE31-857984EB7393} = {E303E255-1E8C-3C8F-AE31-857984EB7393}
		{B0B1E2DB-72BA-3A8F-AA2F-9ACE6F555059} = {B0B1E2DB-72BA-3A8F-AA2F-9ACE6F555059}
		{B491BCBE-945C-38DE-845F-99A9D6EE383C} = {B491BCBE-945C-38DE-845F-99A9D6EE383C}
	EndProjectSection
EndProject
Project("{8BC9CEB8-8B4A-11D0-8D11-00A0C91BC942}") = "UnitTest_ScriptingCore", "ScriptingCoreTest\UnitTest_ScriptingCore.vcxproj", "{B2331BCD-E942-3D76-99C7-B9655A6ECAE2}"
	ProjectSection(ProjectDependencies) = postProject
		{862CAF85-6756-30A5-9B81-74726AD24861} = {862CAF85-6756-30A5-9B81-74726AD24861}
		{324C0D68-B65F-3F33-BB06-99F0880EF0F0} = {324C0D68-B65F-3F33-BB06-99F0880EF0F0}
		{DE467C0A-A440-3270-B1B1-16A597BDCD7F} = {DE467C0A-A440-3270-B1B1-16A597BDCD7F}
		{5806EA1E-4E4B-3AD6-8E40-D9D6EB5EBC0E} = {5806EA1E-4E4B-3AD6-8E40-D9D6EB5EBC0E}
		{25197F80-693A-3B26-AF7D-A869C83EDB4F} = {25197F80-693A-3B26-AF7D-A869C83EDB4F}
		{E303E255-1E8C-3C8F-AE31-857984EB7393} = {E303E255-1E8C-3C8F-AE31-857984EB7393}
		{B0B1E2DB-72BA-3A8F-AA2F-9ACE6F555059} = {B0B1E2DB-72BA-3A8F-AA2F-9ACE6F555059}
		{B491BCBE-945C-38DE-845F-99A9D6EE383C} = {B491BCBE-945C-38DE-845F-99A9D6EE383C}
	EndProjectSection
EndProject
Project("{8BC9CEB8-8B4A-11D0-8D11-00A0C91BC942}") = "ZERO_CHECK", "ZERO_CHECK.vcxproj", "{5806EA1E-4E4B-3AD6-8E40-D9D6EB5EBC0E}"
EndProject
Project("{8BC9CEB8-8B4A-11D0-8D11-00A0C91BC942}") = "boost_date_time", "boost\libs\date_time\boost_date_time.vcxproj", "{25197F80-693A-3B26-AF7D-A869C83EDB4F}"
	ProjectSection(ProjectDependencies) = postProject
		{5806EA1E-4E4B-3AD6-8E40-D9D6EB5EBC0E} = {5806EA1E-4E4B-3AD6-8E40-D9D6EB5EBC0E}
	EndProjectSection
EndProject
Project("{8BC9CEB8-8B4A-11D0-8D11-00A0C91BC942}") = "boost_regex", "boost\libs\regex\boost_regex.vcxproj", "{E303E255-1E8C-3C8F-AE31-857984EB7393}"
	ProjectSection(ProjectDependencies) = postProject
		{5806EA1E-4E4B-3AD6-8E40-D9D6EB5EBC0E} = {5806EA1E-4E4B-3AD6-8E40-D9D6EB5EBC0E}
	EndProjectSection
EndProject
Project("{8BC9CEB8-8B4A-11D0-8D11-00A0C91BC942}") = "boost_system", "boost\libs\system\boost_system.vcxproj", "{B0B1E2DB-72BA-3A8F-AA2F-9ACE6F555059}"
	ProjectSection(ProjectDependencies) = postProject
		{5806EA1E-4E4B-3AD6-8E40-D9D6EB5EBC0E} = {5806EA1E-4E4B-3AD6-8E40-D9D6EB5EBC0E}
	EndProjectSection
EndProject
Project("{8BC9CEB8-8B4A-11D0-8D11-00A0C91BC942}") = "boost_thread", "boost\libs\thread\boost_thread.vcxproj", "{B491BCBE-945C-38DE-845F-99A9D6EE383C}"
	ProjectSection(ProjectDependencies) = postProject
		{5806EA1E-4E4B-3AD6-8E40-D9D6EB5EBC0E} = {5806EA1E-4E4B-3AD6-8E40-D9D6EB5EBC0E}
	EndProjectSection
EndProject
Project("{8BC9CEB8-8B4A-11D0-8D11-00A0C91BC942}") = "log4cplus", "fblibs\log4cplus\src\log4cplus.vcxproj", "{176891E6-0044-39B6-BEEA-358A0D2BB2A3}"
	ProjectSection(ProjectDependencies) = postProject
		{5806EA1E-4E4B-3AD6-8E40-D9D6EB5EBC0E} = {5806EA1E-4E4B-3AD6-8E40-D9D6EB5EBC0E}
	EndProjectSection
EndProject
Project("{8BC9CEB8-8B4A-11D0-8D11-00A0C91BC942}") = "EarthWeb", "projects\EarthWeb\EarthWeb.vcxproj", "{76B7E511-469A-464D-9AB8-2F3ED92D16D5}"
EndProject
Project("{8BC9CEB8-8B4A-11D0-8D11-00A0C91BC942}") = "EWE_PluginAuto", "projects\EarthWeb\PluginAuto\EWE_PluginAuto.vcxproj", "{C3037FD2-CCE1-37CD-B668-16111E0709C4}"
EndProject
Project("{2150E333-8FDC-42A3-9474-1A3956D46DE8}") = "osgearthx", "osgearthx", "{F0C9EB13-50D2-4F16-B1A6-E047E3E4B3D8}"
EndProject
Project("{8BC9CEB8-8B4A-11D0-8D11-00A0C91BC942}") = "osgEarthX_Core", "..\..\osgEarthX_Core\osgEarthX_Core.vcxproj", "{6547249B-6749-47B5-B2DE-1E13893C5A4F}"
EndProject
Project("{8BC9CEB8-8B4A-11D0-8D11-00A0C91BC942}") = "osgEarthX", "..\..\osgEarthX\osgEarthX.vcxproj", "{499E4F89-FED4-4F26-8816-1161D05F25C8}"
EndProject
Project("{8BC9CEB8-8B4A-11D0-8D11-00A0C91BC942}") = "BasicMediaPlayer", "projects\BasicMediaPlayer\BasicMediaPlayer.vcxproj", "{86E3A71E-8719-30D8-95B6-65589DBB31B9}"
EndProject
Global
	GlobalSection(SolutionConfigurationPlatforms) = preSolution
		Debug|x64 = Debug|x64
		Debug|x86 = Debug|x86
		MinSizeRel|x64 = MinSizeRel|x64
		MinSizeRel|x86 = MinSizeRel|x86
		Release|x64 = Release|x64
		Release|x86 = Release|x86
		RelWithDebInfo|x64 = RelWithDebInfo|x64
		RelWithDebInfo|x86 = RelWithDebInfo|x86
	EndGlobalSection
	GlobalSection(ProjectConfigurationPlatforms) = postSolution
		{72816D1C-310C-3A62-A9D9-92F04000F397}.Debug|x64.ActiveCfg = Debug|x64
		{72816D1C-310C-3A62-A9D9-92F04000F397}.Debug|x86.ActiveCfg = Debug|x64
		{72816D1C-310C-3A62-A9D9-92F04000F397}.MinSizeRel|x64.ActiveCfg = MinSizeRel|x64
		{72816D1C-310C-3A62-A9D9-92F04000F397}.MinSizeRel|x86.ActiveCfg = MinSizeRel|x64
		{72816D1C-310C-3A62-A9D9-92F04000F397}.Release|x64.ActiveCfg = Release|x64
		{72816D1C-310C-3A62-A9D9-92F04000F397}.Release|x86.ActiveCfg = Release|x64
		{72816D1C-310C-3A62-A9D9-92F04000F397}.RelWithDebInfo|x64.ActiveCfg = RelWithDebInfo|x64
		{72816D1C-310C-3A62-A9D9-92F04000F397}.RelWithDebInfo|x86.ActiveCfg = RelWithDebInfo|x64
		{2686416D-7BB8-3605-BB09-3C96E859E125}.Debug|x64.ActiveCfg = Debug|x64
		{2686416D-7BB8-3605-BB09-3C96E859E125}.Debug|x64.Build.0 = Debug|x64
		{2686416D-7BB8-3605-BB09-3C96E859E125}.Debug|x86.ActiveCfg = Debug|x64
		{2686416D-7BB8-3605-BB09-3C96E859E125}.MinSizeRel|x64.ActiveCfg = MinSizeRel|x64
		{2686416D-7BB8-3605-BB09-3C96E859E125}.MinSizeRel|x64.Build.0 = MinSizeRel|x64
		{2686416D-7BB8-3605-BB09-3C96E859E125}.MinSizeRel|x86.ActiveCfg = MinSizeRel|x64
		{2686416D-7BB8-3605-BB09-3C96E859E125}.Release|x64.ActiveCfg = Release|x64
		{2686416D-7BB8-3605-BB09-3C96E859E125}.Release|x64.Build.0 = Release|x64
		{2686416D-7BB8-3605-BB09-3C96E859E125}.Release|x86.ActiveCfg = Release|x64
		{2686416D-7BB8-3605-BB09-3C96E859E125}.RelWithDebInfo|x64.ActiveCfg = RelWithDebInfo|x64
		{2686416D-7BB8-3605-BB09-3C96E859E125}.RelWithDebInfo|x64.Build.0 = RelWithDebInfo|x64
		{2686416D-7BB8-3605-BB09-3C96E859E125}.RelWithDebInfo|x86.ActiveCfg = RelWithDebInfo|x64
		{677EAA6E-BBFD-358A-830A-E34EC6436495}.Debug|x64.ActiveCfg = Debug|x64
		{677EAA6E-BBFD-358A-830A-E34EC6436495}.Debug|x64.Build.0 = Debug|x64
		{677EAA6E-BBFD-358A-830A-E34EC6436495}.Debug|x86.ActiveCfg = Debug|x64
		{677EAA6E-BBFD-358A-830A-E34EC6436495}.MinSizeRel|x64.ActiveCfg = MinSizeRel|x64
		{677EAA6E-BBFD-358A-830A-E34EC6436495}.MinSizeRel|x64.Build.0 = MinSizeRel|x64
		{677EAA6E-BBFD-358A-830A-E34EC6436495}.MinSizeRel|x86.ActiveCfg = MinSizeRel|x64
		{677EAA6E-BBFD-358A-830A-E34EC6436495}.Release|x64.ActiveCfg = Release|x64
		{677EAA6E-BBFD-358A-830A-E34EC6436495}.Release|x64.Build.0 = Release|x64
		{677EAA6E-BBFD-358A-830A-E34EC6436495}.Release|x86.ActiveCfg = Release|x64
		{677EAA6E-BBFD-358A-830A-E34EC6436495}.RelWithDebInfo|x64.ActiveCfg = RelWithDebInfo|x64
		{677EAA6E-BBFD-358A-830A-E34EC6436495}.RelWithDebInfo|x64.Build.0 = RelWithDebInfo|x64
		{677EAA6E-BBFD-358A-830A-E34EC6436495}.RelWithDebInfo|x86.ActiveCfg = RelWithDebInfo|x64
		{60B4D32C-2B0C-3995-938D-587400724588}.Debug|x64.ActiveCfg = Debug|x64
		{60B4D32C-2B0C-3995-938D-587400724588}.Debug|x64.Build.0 = Debug|x64
		{60B4D32C-2B0C-3995-938D-587400724588}.Debug|x86.ActiveCfg = Debug|x64
		{60B4D32C-2B0C-3995-938D-587400724588}.MinSizeRel|x64.ActiveCfg = MinSizeRel|x64
		{60B4D32C-2B0C-3995-938D-587400724588}.MinSizeRel|x64.Build.0 = MinSizeRel|x64
		{60B4D32C-2B0C-3995-938D-587400724588}.MinSizeRel|x86.ActiveCfg = MinSizeRel|x64
		{60B4D32C-2B0C-3995-938D-587400724588}.Release|x64.ActiveCfg = Release|x64
		{60B4D32C-2B0C-3995-938D-587400724588}.Release|x64.Build.0 = Release|x64
		{60B4D32C-2B0C-3995-938D-587400724588}.Release|x86.ActiveCfg = Release|x64
		{60B4D32C-2B0C-3995-938D-587400724588}.RelWithDebInfo|x64.ActiveCfg = RelWithDebInfo|x64
		{60B4D32C-2B0C-3995-938D-587400724588}.RelWithDebInfo|x64.Build.0 = RelWithDebInfo|x64
		{60B4D32C-2B0C-3995-938D-587400724588}.RelWithDebInfo|x86.ActiveCfg = RelWithDebInfo|x64
		{862CAF85-6756-30A5-9B81-74726AD24861}.Debug|x64.ActiveCfg = Debug|x64
		{862CAF85-6756-30A5-9B81-74726AD24861}.Debug|x64.Build.0 = Debug|x64
		{862CAF85-6756-30A5-9B81-74726AD24861}.Debug|x86.ActiveCfg = Debug|x64
		{862CAF85-6756-30A5-9B81-74726AD24861}.MinSizeRel|x64.ActiveCfg = MinSizeRel|x64
		{862CAF85-6756-30A5-9B81-74726AD24861}.MinSizeRel|x64.Build.0 = MinSizeRel|x64
		{862CAF85-6756-30A5-9B81-74726AD24861}.MinSizeRel|x86.ActiveCfg = MinSizeRel|x64
		{862CAF85-6756-30A5-9B81-74726AD24861}.Release|x64.ActiveCfg = Release|x64
		{862CAF85-6756-30A5-9B81-74726AD24861}.Release|x64.Build.0 = Release|x64
		{862CAF85-6756-30A5-9B81-74726AD24861}.Release|x86.ActiveCfg = Release|x64
		{862CAF85-6756-30A5-9B81-74726AD24861}.RelWithDebInfo|x64.ActiveCfg = RelWithDebInfo|x64
		{862CAF85-6756-30A5-9B81-74726AD24861}.RelWithDebInfo|x64.Build.0 = RelWithDebInfo|x64
		{862CAF85-6756-30A5-9B81-74726AD24861}.RelWithDebInfo|x86.ActiveCfg = RelWithDebInfo|x64
		{324C0D68-B65F-3F33-BB06-99F0880EF0F0}.Debug|x64.ActiveCfg = Debug|x64
		{324C0D68-B65F-3F33-BB06-99F0880EF0F0}.Debug|x64.Build.0 = Debug|x64
		{324C0D68-B65F-3F33-BB06-99F0880EF0F0}.Debug|x86.ActiveCfg = Debug|x64
		{324C0D68-B65F-3F33-BB06-99F0880EF0F0}.MinSizeRel|x64.ActiveCfg = MinSizeRel|x64
		{324C0D68-B65F-3F33-BB06-99F0880EF0F0}.MinSizeRel|x64.Build.0 = MinSizeRel|x64
		{324C0D68-B65F-3F33-BB06-99F0880EF0F0}.MinSizeRel|x86.ActiveCfg = MinSizeRel|x64
		{324C0D68-B65F-3F33-BB06-99F0880EF0F0}.Release|x64.ActiveCfg = Release|x64
		{324C0D68-B65F-3F33-BB06-99F0880EF0F0}.Release|x64.Build.0 = Release|x64
		{324C0D68-B65F-3F33-BB06-99F0880EF0F0}.Release|x86.ActiveCfg = Release|x64
		{324C0D68-B65F-3F33-BB06-99F0880EF0F0}.RelWithDebInfo|x64.ActiveCfg = RelWithDebInfo|x64
		{324C0D68-B65F-3F33-BB06-99F0880EF0F0}.RelWithDebInfo|x64.Build.0 = RelWithDebInfo|x64
		{324C0D68-B65F-3F33-BB06-99F0880EF0F0}.RelWithDebInfo|x86.ActiveCfg = RelWithDebInfo|x64
		{DE467C0A-A440-3270-B1B1-16A597BDCD7F}.Debug|x64.ActiveCfg = Debug|x64
		{DE467C0A-A440-3270-B1B1-16A597BDCD7F}.Debug|x64.Build.0 = Debug|x64
		{DE467C0A-A440-3270-B1B1-16A597BDCD7F}.Debug|x86.ActiveCfg = Debug|x64
		{DE467C0A-A440-3270-B1B1-16A597BDCD7F}.MinSizeRel|x64.ActiveCfg = MinSizeRel|x64
		{DE467C0A-A440-3270-B1B1-16A597BDCD7F}.MinSizeRel|x64.Build.0 = MinSizeRel|x64
		{DE467C0A-A440-3270-B1B1-16A597BDCD7F}.MinSizeRel|x86.ActiveCfg = MinSizeRel|x64
		{DE467C0A-A440-3270-B1B1-16A597BDCD7F}.Release|x64.ActiveCfg = Release|x64
		{DE467C0A-A440-3270-B1B1-16A597BDCD7F}.Release|x64.Build.0 = Release|x64
		{DE467C0A-A440-3270-B1B1-16A597BDCD7F}.Release|x86.ActiveCfg = Release|x64
		{DE467C0A-A440-3270-B1B1-16A597BDCD7F}.RelWithDebInfo|x64.ActiveCfg = RelWithDebInfo|x64
		{DE467C0A-A440-3270-B1B1-16A597BDCD7F}.RelWithDebInfo|x64.Build.0 = RelWithDebInfo|x64
		{DE467C0A-A440-3270-B1B1-16A597BDCD7F}.RelWithDebInfo|x86.ActiveCfg = RelWithDebInfo|x64
		{4416CB9F-6A04-3162-8425-E42B215370AE}.Debug|x64.ActiveCfg = Debug|x64
		{4416CB9F-6A04-3162-8425-E42B215370AE}.Debug|x64.Build.0 = Debug|x64
		{4416CB9F-6A04-3162-8425-E42B215370AE}.Debug|x86.ActiveCfg = Debug|x64
		{4416CB9F-6A04-3162-8425-E42B215370AE}.MinSizeRel|x64.ActiveCfg = MinSizeRel|x64
		{4416CB9F-6A04-3162-8425-E42B215370AE}.MinSizeRel|x64.Build.0 = MinSizeRel|x64
		{4416CB9F-6A04-3162-8425-E42B215370AE}.MinSizeRel|x86.ActiveCfg = MinSizeRel|x64
		{4416CB9F-6A04-3162-8425-E42B215370AE}.Release|x64.ActiveCfg = Release|x64
		{4416CB9F-6A04-3162-8425-E42B215370AE}.Release|x64.Build.0 = Release|x64
		{4416CB9F-6A04-3162-8425-E42B215370AE}.Release|x86.ActiveCfg = Release|x64
		{4416CB9F-6A04-3162-8425-E42B215370AE}.RelWithDebInfo|x64.ActiveCfg = RelWithDebInfo|x64
		{4416CB9F-6A04-3162-8425-E42B215370AE}.RelWithDebInfo|x64.Build.0 = RelWithDebInfo|x64
		{4416CB9F-6A04-3162-8425-E42B215370AE}.RelWithDebInfo|x86.ActiveCfg = RelWithDebInfo|x64
		{B2331BCD-E942-3D76-99C7-B9655A6ECAE2}.Debug|x64.ActiveCfg = Debug|x64
		{B2331BCD-E942-3D76-99C7-B9655A6ECAE2}.Debug|x64.Build.0 = Debug|x64
		{B2331BCD-E942-3D76-99C7-B9655A6ECAE2}.Debug|x86.ActiveCfg = Debug|x64
		{B2331BCD-E942-3D76-99C7-B9655A6ECAE2}.MinSizeRel|x64.ActiveCfg = MinSizeRel|x64
		{B2331BCD-E942-3D76-99C7-B9655A6ECAE2}.MinSizeRel|x64.Build.0 = MinSizeRel|x64
		{B2331BCD-E942-3D76-99C7-B9655A6ECAE2}.MinSizeRel|x86.ActiveCfg = MinSizeRel|x64
		{B2331BCD-E942-3D76-99C7-B9655A6ECAE2}.Release|x64.ActiveCfg = Release|x64
		{B2331BCD-E942-3D76-99C7-B9655A6ECAE2}.Release|x64.Build.0 = Release|x64
		{B2331BCD-E942-3D76-99C7-B9655A6ECAE2}.Release|x86.ActiveCfg = Release|x64
		{B2331BCD-E942-3D76-99C7-B9655A6ECAE2}.RelWithDebInfo|x64.ActiveCfg = RelWithDebInfo|x64
		{B2331BCD-E942-3D76-99C7-B9655A6ECAE2}.RelWithDebInfo|x64.Build.0 = RelWithDebInfo|x64
		{B2331BCD-E942-3D76-99C7-B9655A6ECAE2}.RelWithDebInfo|x86.ActiveCfg = RelWithDebInfo|x64
		{5806EA1E-4E4B-3AD6-8E40-D9D6EB5EBC0E}.Debug|x64.ActiveCfg = Debug|x64
		{5806EA1E-4E4B-3AD6-8E40-D9D6EB5EBC0E}.Debug|x64.Build.0 = Debug|x64
		{5806EA1E-4E4B-3AD6-8E40-D9D6EB5EBC0E}.Debug|x86.ActiveCfg = Debug|x64
		{5806EA1E-4E4B-3AD6-8E40-D9D6EB5EBC0E}.MinSizeRel|x64.ActiveCfg = MinSizeRel|x64
		{5806EA1E-4E4B-3AD6-8E40-D9D6EB5EBC0E}.MinSizeRel|x64.Build.0 = MinSizeRel|x64
		{5806EA1E-4E4B-3AD6-8E40-D9D6EB5EBC0E}.MinSizeRel|x86.ActiveCfg = MinSizeRel|x64
		{5806EA1E-4E4B-3AD6-8E40-D9D6EB5EBC0E}.Release|x64.ActiveCfg = Release|x64
		{5806EA1E-4E4B-3AD6-8E40-D9D6EB5EBC0E}.Release|x64.Build.0 = Release|x64
		{5806EA1E-4E4B-3AD6-8E40-D9D6EB5EBC0E}.Release|x86.ActiveCfg = Release|x64
		{5806EA1E-4E4B-3AD6-8E40-D9D6EB5EBC0E}.RelWithDebInfo|x64.ActiveCfg = RelWithDebInfo|x64
		{5806EA1E-4E4B-3AD6-8E40-D9D6EB5EBC0E}.RelWithDebInfo|x64.Build.0 = RelWithDebInfo|x64
		{5806EA1E-4E4B-3AD6-8E40-D9D6EB5EBC0E}.RelWithDebInfo|x86.ActiveCfg = RelWithDebInfo|x64
		{25197F80-693A-3B26-AF7D-A869C83EDB4F}.Debug|x64.ActiveCfg = Debug|x64
		{25197F80-693A-3B26-AF7D-A869C83EDB4F}.Debug|x64.Build.0 = Debug|x64
		{25197F80-693A-3B26-AF7D-A869C83EDB4F}.Debug|x86.ActiveCfg = Debug|x64
		{25197F80-693A-3B26-AF7D-A869C83EDB4F}.MinSizeRel|x64.ActiveCfg = MinSizeRel|x64
		{25197F80-693A-3B26-AF7D-A869C83EDB4F}.MinSizeRel|x64.Build.0 = MinSizeRel|x64
		{25197F80-693A-3B26-AF7D-A869C83EDB4F}.MinSizeRel|x86.ActiveCfg = MinSizeRel|x64
		{25197F80-693A-3B26-AF7D-A869C83EDB4F}.Release|x64.ActiveCfg = Release|x64
		{25197F80-693A-3B26-AF7D-A869C83EDB4F}.Release|x64.Build.0 = Release|x64
		{25197F80-693A-3B26-AF7D-A869C83EDB4F}.Release|x86.ActiveCfg = Release|x64
		{25197F80-693A-3B26-AF7D-A869C83EDB4F}.RelWithDebInfo|x64.ActiveCfg = RelWithDebInfo|x64
		{25197F80-693A-3B26-AF7D-A869C83EDB4F}.RelWithDebInfo|x64.Build.0 = RelWithDebInfo|x64
		{25197F80-693A-3B26-AF7D-A869C83EDB4F}.RelWithDebInfo|x86.ActiveCfg = RelWithDebInfo|x64
		{E303E255-1E8C-3C8F-AE31-857984EB7393}.Debug|x64.ActiveCfg = Debug|x64
		{E303E255-1E8C-3C8F-AE31-857984EB7393}.Debug|x64.Build.0 = Debug|x64
		{E303E255-1E8C-3C8F-AE31-857984EB7393}.Debug|x86.ActiveCfg = Debug|x64
		{E303E255-1E8C-3C8F-AE31-857984EB7393}.MinSizeRel|x64.ActiveCfg = MinSizeRel|x64
		{E303E255-1E8C-3C8F-AE31-857984EB7393}.MinSizeRel|x64.Build.0 = MinSizeRel|x64
		{E303E255-1E8C-3C8F-AE31-857984EB7393}.MinSizeRel|x86.ActiveCfg = MinSizeRel|x64
		{E303E255-1E8C-3C8F-AE31-857984EB7393}.Release|x64.ActiveCfg = Release|x64
		{E303E255-1E8C-3C8F-AE31-857984EB7393}.Release|x64.Build.0 = Release|x64
		{E303E255-1E8C-3C8F-AE31-857984EB7393}.Release|x86.ActiveCfg = Release|x64
		{E303E255-1E8C-3C8F-AE31-857984EB7393}.RelWithDebInfo|x64.ActiveCfg = RelWithDebInfo|x64
		{E303E255-1E8C-3C8F-AE31-857984EB7393}.RelWithDebInfo|x64.Build.0 = RelWithDebInfo|x64
		{E303E255-1E8C-3C8F-AE31-857984EB7393}.RelWithDebInfo|x86.ActiveCfg = RelWithDebInfo|x64
		{B0B1E2DB-72BA-3A8F-AA2F-9ACE6F555059}.Debug|x64.ActiveCfg = Debug|x64
		{B0B1E2DB-72BA-3A8F-AA2F-9ACE6F555059}.Debug|x64.Build.0 = Debug|x64
		{B0B1E2DB-72BA-3A8F-AA2F-9ACE6F555059}.Debug|x86.ActiveCfg = Debug|x64
		{B0B1E2DB-72BA-3A8F-AA2F-9ACE6F555059}.MinSizeRel|x64.ActiveCfg = MinSizeRel|x64
		{B0B1E2DB-72BA-3A8F-AA2F-9ACE6F555059}.MinSizeRel|x64.Build.0 = MinSizeRel|x64
		{B0B1E2DB-72BA-3A8F-AA2F-9ACE6F555059}.MinSizeRel|x86.ActiveCfg = MinSizeRel|x64
		{B0B1E2DB-72BA-3A8F-AA2F-9ACE6F555059}.Release|x64.ActiveCfg = Release|x64
		{B0B1E2DB-72BA-3A8F-AA2F-9ACE6F555059}.Release|x64.Build.0 = Release|x64
		{B0B1E2DB-72BA-3A8F-AA2F-9ACE6F555059}.Release|x86.ActiveCfg = Release|x64
		{B0B1E2DB-72BA-3A8F-AA2F-9ACE6F555059}.RelWithDebInfo|x64.ActiveCfg = RelWithDebInfo|x64
		{B0B1E2DB-72BA-3A8F-AA2F-9ACE6F555059}.RelWithDebInfo|x64.Build.0 = RelWithDebInfo|x64
		{B0B1E2DB-72BA-3A8F-AA2F-9ACE6F555059}.RelWithDebInfo|x86.ActiveCfg = RelWithDebInfo|x64
		{B491BCBE-945C-38DE-845F-99A9D6EE383C}.Debug|x64.ActiveCfg = Debug|x64
		{B491BCBE-945C-38DE-845F-99A9D6EE383C}.Debug|x64.Build.0 = Debug|x64
		{B491BCBE-945C-38DE-845F-99A9D6EE383C}.Debug|x86.ActiveCfg = Debug|x64
		{B491BCBE-945C-38DE-845F-99A9D6EE383C}.MinSizeRel|x64.ActiveCfg = MinSizeRel|x64
		{B491BCBE-945C-38DE-845F-99A9D6EE383C}.MinSizeRel|x64.Build.0 = MinSizeRel|x64
		{B491BCBE-945C-38DE-845F-99A9D6EE383C}.MinSizeRel|x86.ActiveCfg = MinSizeRel|x64
		{B491BCBE-945C-38DE-845F-99A9D6EE383C}.Release|x64.ActiveCfg = Release|x64
		{B491BCBE-945C-38DE-845F-99A9D6EE383C}.Release|x64.Build.0 = Release|x64
		{B491BCBE-945C-38DE-845F-99A9D6EE383C}.Release|x86.ActiveCfg = Release|x64
		{B491BCBE-945C-38DE-845F-99A9D6EE383C}.RelWithDebInfo|x64.ActiveCfg = RelWithDebInfo|x64
		{B491BCBE-945C-38DE-845F-99A9D6EE383C}.RelWithDebInfo|x64.Build.0 = RelWithDebInfo|x64
		{B491BCBE-945C-38DE-845F-99A9D6EE383C}.RelWithDebInfo|x86.ActiveCfg = RelWithDebInfo|x64
		{176891E6-0044-39B6-BEEA-358A0D2BB2A3}.Debug|x64.ActiveCfg = Debug|x64
		{176891E6-0044-39B6-BEEA-358A0D2BB2A3}.Debug|x64.Build.0 = Debug|x64
		{176891E6-0044-39B6-BEEA-358A0D2BB2A3}.Debug|x86.ActiveCfg = Debug|x64
		{176891E6-0044-39B6-BEEA-358A0D2BB2A3}.MinSizeRel|x64.ActiveCfg = MinSizeRel|x64
		{176891E6-0044-39B6-BEEA-358A0D2BB2A3}.MinSizeRel|x64.Build.0 = MinSizeRel|x64
		{176891E6-0044-39B6-BEEA-358A0D2BB2A3}.MinSizeRel|x86.ActiveCfg = MinSizeRel|x64
		{176891E6-0044-39B6-BEEA-358A0D2BB2A3}.Release|x64.ActiveCfg = Release|x64
		{176891E6-0044-39B6-BEEA-358A0D2BB2A3}.Release|x64.Build.0 = Release|x64
		{176891E6-0044-39B6-BEEA-358A0D2BB2A3}.Release|x86.ActiveCfg = Release|x64
		{176891E6-0044-39B6-BEEA-358A0D2BB2A3}.RelWithDebInfo|x64.ActiveCfg = RelWithDebInfo|x64
		{176891E6-0044-39B6-BEEA-358A0D2BB2A3}.RelWithDebInfo|x64.Build.0 = RelWithDebInfo|x64
		{176891E6-0044-39B6-BEEA-358A0D2BB2A3}.RelWithDebInfo|x86.ActiveCfg = RelWithDebInfo|x64
		{76B7E511-469A-464D-9AB8-2F3ED92D16D5}.Debug|x64.ActiveCfg = Debug|Win32
		{76B7E511-469A-464D-9AB8-2F3ED92D16D5}.Debug|x86.ActiveCfg = Debug|Win32
		{76B7E511-469A-464D-9AB8-2F3ED92D16D5}.Debug|x86.Build.0 = Debug|Win32
		{76B7E511-469A-464D-9AB8-2F3ED92D16D5}.MinSizeRel|x64.ActiveCfg = MinSizeRel|Win32
		{76B7E511-469A-464D-9AB8-2F3ED92D16D5}.MinSizeRel|x86.ActiveCfg = MinSizeRel|Win32
		{76B7E511-469A-464D-9AB8-2F3ED92D16D5}.MinSizeRel|x86.Build.0 = MinSizeRel|Win32
		{76B7E511-469A-464D-9AB8-2F3ED92D16D5}.Release|x64.ActiveCfg = Release|x64
		{76B7E511-469A-464D-9AB8-2F3ED92D16D5}.Release|x64.Build.0 = Release|x64
		{76B7E511-469A-464D-9AB8-2F3ED92D16D5}.Release|x86.ActiveCfg = Release|Win32
		{76B7E511-469A-464D-9AB8-2F3ED92D16D5}.Release|x86.Build.0 = Release|Win32
		{76B7E511-469A-464D-9AB8-2F3ED92D16D5}.RelWithDebInfo|x64.ActiveCfg = RelWithDebInfo|Win32
		{76B7E511-469A-464D-9AB8-2F3ED92D16D5}.RelWithDebInfo|x86.ActiveCfg = RelWithDebInfo|Win32
		{76B7E511-469A-464D-9AB8-2F3ED92D16D5}.RelWithDebInfo|x86.Build.0 = RelWithDebInfo|Win32
		{C3037FD2-CCE1-37CD-B668-16111E0709C4}.Debug|x64.ActiveCfg = Debug|Win32
		{C3037FD2-CCE1-37CD-B668-16111E0709C4}.Debug|x86.ActiveCfg = Debug|Win32
		{C3037FD2-CCE1-37CD-B668-16111E0709C4}.Debug|x86.Build.0 = Debug|Win32
		{C3037FD2-CCE1-37CD-B668-16111E0709C4}.MinSizeRel|x64.ActiveCfg = MinSizeRel|Win32
		{C3037FD2-CCE1-37CD-B668-16111E0709C4}.MinSizeRel|x86.ActiveCfg = MinSizeRel|Win32
		{C3037FD2-CCE1-37CD-B668-16111E0709C4}.MinSizeRel|x86.Build.0 = MinSizeRel|Win32
		{C3037FD2-CCE1-37CD-B668-16111E0709C4}.Release|x64.ActiveCfg = Release|x64
		{C3037FD2-CCE1-37CD-B668-16111E0709C4}.Release|x64.Build.0 = Release|x64
		{C3037FD2-CCE1-37CD-B668-16111E0709C4}.Release|x86.ActiveCfg = Release|Win32
		{C3037FD2-CCE1-37CD-B668-16111E0709C4}.Release|x86.Build.0 = Release|Win32
		{C3037FD2-CCE1-37CD-B668-16111E0709C4}.RelWithDebInfo|x64.ActiveCfg = RelWithDebInfo|Win32
		{C3037FD2-CCE1-37CD-B668-16111E0709C4}.RelWithDebInfo|x86.ActiveCfg = RelWithDebInfo|Win32
		{C3037FD2-CCE1-37CD-B668-16111E0709C4}.RelWithDebInfo|x86.Build.0 = RelWithDebInfo|Win32
		{6547249B-6749-47B5-B2DE-1E13893C5A4F}.Debug|x64.ActiveCfg = Debug|x64
		{6547249B-6749-47B5-B2DE-1E13893C5A4F}.Debug|x64.Build.0 = Debug|x64
		{6547249B-6749-47B5-B2DE-1E13893C5A4F}.Debug|x86.ActiveCfg = Debug|Win32
		{6547249B-6749-47B5-B2DE-1E13893C5A4F}.Debug|x86.Build.0 = Debug|Win32
		{6547249B-6749-47B5-B2DE-1E13893C5A4F}.MinSizeRel|x64.ActiveCfg = Release|x64
		{6547249B-6749-47B5-B2DE-1E13893C5A4F}.MinSizeRel|x64.Build.0 = Release|x64
		{6547249B-6749-47B5-B2DE-1E13893C5A4F}.MinSizeRel|x86.ActiveCfg = Release|Win32
		{6547249B-6749-47B5-B2DE-1E13893C5A4F}.MinSizeRel|x86.Build.0 = Release|Win32
		{6547249B-6749-47B5-B2DE-1E13893C5A4F}.Release|x64.ActiveCfg = Release|x64
		{6547249B-6749-47B5-B2DE-1E13893C5A4F}.Release|x64.Build.0 = Release|x64
		{6547249B-6749-47B5-B2DE-1E13893C5A4F}.Release|x86.ActiveCfg = Release|Win32
		{6547249B-6749-47B5-B2DE-1E13893C5A4F}.Release|x86.Build.0 = Release|Win32
		{6547249B-6749-47B5-B2DE-1E13893C5A4F}.RelWithDebInfo|x64.ActiveCfg = Release|x64
		{6547249B-6749-47B5-B2DE-1E13893C5A4F}.RelWithDebInfo|x64.Build.0 = Release|x64
		{6547249B-6749-47B5-B2DE-1E13893C5A4F}.RelWithDebInfo|x86.ActiveCfg = Release|Win32
		{6547249B-6749-47B5-B2DE-1E13893C5A4F}.RelWithDebInfo|x86.Build.0 = Release|Win32
		{499E4F89-FED4-4F26-8816-1161D05F25C8}.Debug|x64.ActiveCfg = Debug|x64
		{499E4F89-FED4-4F26-8816-1161D05F25C8}.Debug|x64.Build.0 = Debug|x64
		{499E4F89-FED4-4F26-8816-1161D05F25C8}.Debug|x86.ActiveCfg = Debug|Win32
		{499E4F89-FED4-4F26-8816-1161D05F25C8}.Debug|x86.Build.0 = Debug|Win32
		{499E4F89-FED4-4F26-8816-1161D05F25C8}.MinSizeRel|x64.ActiveCfg = Release|x64
		{499E4F89-FED4-4F26-8816-1161D05F25C8}.MinSizeRel|x64.Build.0 = Release|x64
		{499E4F89-FED4-4F26-8816-1161D05F25C8}.MinSizeRel|x86.ActiveCfg = Release|Win32
		{499E4F89-FED4-4F26-8816-1161D05F25C8}.MinSizeRel|x86.Build.0 = Release|Win32
		{499E4F89-FED4-4F26-8816-1161D05F25C8}.Release|x64.ActiveCfg = Release|x64
		{499E4F89-FED4-4F26-8816-1161D05F25C8}.Release|x64.Build.0 = Release|x64
		{499E4F89-FED4-4F26-8816-1161D05F25C8}.Release|x86.ActiveCfg = Release|Win32
		{499E4F89-FED4-4F26-8816-1161D05F25C8}.Release|x86.Build.0 = Release|Win32
		{499E4F89-FED4-4F26-8816-1161D05F25C8}.RelWithDebInfo|x64.ActiveCfg = Release|x64
		{499E4F89-FED4-4F26-8816-1161D05F25C8}.RelWithDebInfo|x64.Build.0 = Release|x64
		{499E4F89-FED4-4F26-8816-1161D05F25C8}.RelWithDebInfo|x86.ActiveCfg = Release|Win32
		{499E4F89-FED4-4F26-8816-1161D05F25C8}.RelWithDebInfo|x86.Build.0 = Release|Win32
		{86E3A71E-8719-30D8-95B6-65589DBB31B9}.Debug|x64.ActiveCfg = Debug|x64
		{86E3A71E-8719-30D8-95B6-65589DBB31B9}.Debug|x64.Build.0 = Debug|x64
		{86E3A71E-8719-30D8-95B6-65589DBB31B9}.Debug|x86.ActiveCfg = Debug|x64
		{86E3A71E-8719-30D8-95B6-65589DBB31B9}.MinSizeRel|x64.ActiveCfg = MinSizeRel|x64
		{86E3A71E-8719-30D8-95B6-65589DBB31B9}.MinSizeRel|x64.Build.0 = MinSizeRel|x64
		{86E3A71E-8719-30D8-95B6-65589DBB31B9}.MinSizeRel|x86.ActiveCfg = MinSizeRel|x64
		{86E3A71E-8719-30D8-95B6-65589DBB31B9}.Release|x64.ActiveCfg = Release|x64
		{86E3A71E-8719-30D8-95B6-65589DBB31B9}.Release|x64.Build.0 = Release|x64
		{86E3A71E-8719-30D8-95B6-65589DBB31B9}.Release|x86.ActiveCfg = Release|x64
		{86E3A71E-8719-30D8-95B6-65589DBB31B9}.RelWithDebInfo|x64.ActiveCfg = RelWithDebInfo|x64
		{86E3A71E-8719-30D8-95B6-65589DBB31B9}.RelWithDebInfo|x64.Build.0 = RelWithDebInfo|x64
		{86E3A71E-8719-30D8-95B6-65589DBB31B9}.RelWithDebInfo|x86.ActiveCfg = RelWithDebInfo|x64
	EndGlobalSection
	GlobalSection(SolutionProperties) = preSolution
		HideSolutionNode = FALSE
	EndGlobalSection
	GlobalSection(NestedProjects) = preSolution
		{72816D1C-310C-3A62-A9D9-92F04000F397} = {E3DA893F-48B5-3AB8-B313-1770C71725D9}
		{2686416D-7BB8-3605-BB09-3C96E859E125} = {A7E1B84C-CF91-3678-8374-3AF52A812614}
		{677EAA6E-BBFD-358A-830A-E34EC6436495} = {A7E1B84C-CF91-3678-8374-3AF52A812614}
		{60B4D32C-2B0C-3995-938D-587400724588} = {A7E1B84C-CF91-3678-8374-3AF52A812614}
		{862CAF85-6756-30A5-9B81-74726AD24861} = {A7E1B84C-CF91-3678-8374-3AF52A812614}
		{324C0D68-B65F-3F33-BB06-99F0880EF0F0} = {A7E1B84C-CF91-3678-8374-3AF52A812614}
		{DE467C0A-A440-3270-B1B1-16A597BDCD7F} = {4BE2CDD4-DB1A-3A31-B067-4B8E72AED6F6}
		{4416CB9F-6A04-3162-8425-E42B215370AE} = {4BE2CDD4-DB1A-3A31-B067-4B8E72AED6F6}
		{B2331BCD-E942-3D76-99C7-B9655A6ECAE2} = {4BE2CDD4-DB1A-3A31-B067-4B8E72AED6F6}
		{5806EA1E-4E4B-3AD6-8E40-D9D6EB5EBC0E} = {E3DA893F-48B5-3AB8-B313-1770C71725D9}
		{25197F80-693A-3B26-AF7D-A869C83EDB4F} = {F724DB3F-C621-3DA9-A9DF-EF59FE998975}
		{E303E255-1E8C-3C8F-AE31-857984EB7393} = {F724DB3F-C621-3DA9-A9DF-EF59FE998975}
		{B0B1E2DB-72BA-3A8F-AA2F-9ACE6F555059} = {F724DB3F-C621-3DA9-A9DF-EF59FE998975}
		{B491BCBE-945C-38DE-845F-99A9D6EE383C} = {F724DB3F-C621-3DA9-A9DF-EF59FE998975}
		{C3037FD2-CCE1-37CD-B668-16111E0709C4} = {F4B759DB-2EC5-330E-9F93-2C5DFDC95D2A}
		{6547249B-6749-47B5-B2DE-1E13893C5A4F} = {F0C9EB13-50D2-4F16-B1A6-E047E3E4B3D8}
		{499E4F89-FED4-4F26-8816-1161D05F25C8} = {F0C9EB13-50D2-4F16-B1A6-E047E3E4B3D8}
	EndGlobalSection
	GlobalSection(ExtensibilityGlobals) = postSolution
		SolutionGuid = {924C7416-9712-3A22-BB26-C8197303F505}
	EndGlobalSection
EndGlobal
