<?xml version="1.0" encoding="utf-8"?>
<Project ToolsVersion="12.0" xmlns="http://schemas.microsoft.com/developer/msbuild/2003">
  <ItemGroup>
    <ClCompile Include="E:\prjs\FireBreath-master\src\PluginCore\BrowserPlugin.cpp">
      <Filter>Source Files</Filter>
    </ClCompile>
    <ClCompile Include="E:\prjs\FireBreath-master\src\PluginCore\BrowserStream.cpp">
      <Filter>Source Files</Filter>
    </ClCompile>
    <ClCompile Include="E:\prjs\FireBreath-master\src\PluginCore\BrowserStreamManager.cpp">
      <Filter>Source Files</Filter>
    </ClCompile>
    <ClCompile Include="E:\prjs\FireBreath-master\src\PluginCore\DefaultBrowserStreamHandler.cpp">
      <Filter>Source Files</Filter>
    </ClCompile>
    <ClCompile Include="E:\prjs\FireBreath-master\src\PluginCore\FactoryBase.cpp">
      <Filter>Source Files</Filter>
    </ClCompile>
    <ClCompile Include="E:\prjs\FireBreath-master\src\PluginCore\PluginCore.cpp">
      <Filter>Source Files</Filter>
    </ClCompile>
    <ClCompile Include="E:\prjs\FireBreath-master\src\PluginCore\PluginEventSource.cpp">
      <Filter>Source Files</Filter>
    </ClCompile>
    <ClCompile Include="E:\prjs\FireBreath-master\src\PluginCore\SimpleStreamHelper.cpp">
      <Filter>Source Files</Filter>
    </ClCompile>
    <ClCompile Include="E:\prjs\FireBreath-master\src\PluginCore\Timer.cpp">
      <Filter>Source Files</Filter>
    </ClCompile>
    <ClCompile Include="E:\prjs\FireBreath-master\src\PluginCore\TimerService.cpp">
      <Filter>Source Files</Filter>
    </ClCompile>
    <ClCompile Include="E:\prjs\FireBreath-master\src\PluginCore\precompiled_headers.cpp">
      <Filter>Source Files</Filter>
    </ClCompile>
    <ClCompile Include="E:\prjs\FireBreath-master\src\PluginCore\Win\KeyCodesWin.cpp">
      <Filter>Windows</Filter>
    </ClCompile>
    <ClCompile Include="E:\prjs\FireBreath-master\src\PluginCore\Win\SystemHelpersWin.cpp">
      <Filter>Windows</Filter>
    </ClCompile>
    <ClCompile Include="E:\prjs\FireBreath-master\src\PluginCore\Win\SystemProxyDetectorWin.cpp">
      <Filter>Windows</Filter>
    </ClCompile>
    <ClCompile Include="E:\prjs\FireBreath-master\src\PluginCore\Win\WinMessageWindow.cpp">
      <Filter>Windows</Filter>
    </ClCompile>
  </ItemGroup>
  <ItemGroup>
    <ClInclude Include="E:\prjs\FireBreath-master\src\PluginCore\AsyncDrawService.h">
      <Filter>Header Files</Filter>
    </ClInclude>
    <ClInclude Include="E:\prjs\FireBreath-master\src\PluginCore\BrowserPlugin.h">
      <Filter>Header Files</Filter>
    </ClInclude>
    <ClInclude Include="E:\prjs\FireBreath-master\src\PluginCore\BrowserStream.h">
      <Filter>Header Files</Filter>
    </ClInclude>
    <ClInclude Include="E:\prjs\FireBreath-master\src\PluginCore\BrowserStreamManager.h">
      <Filter>Header Files</Filter>
    </ClInclude>
    <ClInclude Include="E:\prjs\FireBreath-master\src\PluginCore\BrowserStreamRequest.h">
      <Filter>Header Files</Filter>
    </ClInclude>
    <ClInclude Include="E:\prjs\FireBreath-master\src\PluginCore\ConstructDefaultPluginWindows.h">
      <Filter>Header Files</Filter>
    </ClInclude>
    <ClInclude Include="E:\prjs\FireBreath-master\src\PluginCore\DefaultBrowserStreamHandler.h">
      <Filter>Header Files</Filter>
    </ClInclude>
    <ClInclude Include="E:\prjs\FireBreath-master\src\PluginCore\FactoryBase.h">
      <Filter>Header Files</Filter>
    </ClInclude>
    <ClInclude Include="E:\prjs\FireBreath-master\src\PluginCore\PluginCore.h">
      <Filter>Header Files</Filter>
    </ClInclude>
    <ClInclude Include="E:\prjs\FireBreath-master\src\PluginCore\PluginEvent.h">
      <Filter>Header Files</Filter>
    </ClInclude>
    <ClInclude Include="E:\prjs\FireBreath-master\src\PluginCore\PluginEventSink.h">
      <Filter>Header Files</Filter>
    </ClInclude>
    <ClInclude Include="E:\prjs\FireBreath-master\src\PluginCore\PluginEventSource.h">
      <Filter>Header Files</Filter>
    </ClInclude>
    <ClInclude Include="E:\prjs\FireBreath-master\src\PluginCore\PluginInfo.h">
      <Filter>Header Files</Filter>
    </ClInclude>
    <ClInclude Include="E:\prjs\FireBreath-master\src\PluginCore\PluginWindow.h">
      <Filter>Header Files</Filter>
    </ClInclude>
    <ClInclude Include="E:\prjs\FireBreath-master\src\PluginCore\PluginWindowForwardDecl.h">
      <Filter>Header Files</Filter>
    </ClInclude>
    <ClInclude Include="E:\prjs\FireBreath-master\src\PluginCore\SimpleStreamHelper.h">
      <Filter>Header Files</Filter>
    </ClInclude>
    <ClInclude Include="E:\prjs\FireBreath-master\src\PluginCore\SystemHelpers.h">
      <Filter>Header Files</Filter>
    </ClInclude>
    <ClInclude Include="E:\prjs\FireBreath-master\src\PluginCore\SystemProxyDetector.h">
      <Filter>Header Files</Filter>
    </ClInclude>
    <ClInclude Include="E:\prjs\FireBreath-master\src\PluginCore\Timer.h">
      <Filter>Header Files</Filter>
    </ClInclude>
    <ClInclude Include="E:\prjs\FireBreath-master\src\PluginCore\TimerService.h">
      <Filter>Header Files</Filter>
    </ClInclude>
    <ClInclude Include="E:\prjs\FireBreath-master\src\PluginCore\precompiled_headers.h">
      <Filter>Header Files</Filter>
    </ClInclude>
    <ClInclude Include="E:\prjs\FireBreath-master\src\PluginCore\PluginEvents\AttachedEvent.h">
      <Filter>PluginEvents</Filter>
    </ClInclude>
    <ClInclude Include="E:\prjs\FireBreath-master\src\PluginCore\PluginEvents\DrawingEvents.h">
      <Filter>PluginEvents</Filter>
    </ClInclude>
    <ClInclude Include="E:\prjs\FireBreath-master\src\PluginCore\PluginEvents\GeneralEvents.h">
      <Filter>PluginEvents</Filter>
    </ClInclude>
    <ClInclude Include="E:\prjs\FireBreath-master\src\PluginCore\PluginEvents\KeyCodes.h">
      <Filter>PluginEvents</Filter>
    </ClInclude>
    <ClInclude Include="E:\prjs\FireBreath-master\src\PluginCore\PluginEvents\KeyboardEvents.h">
      <Filter>PluginEvents</Filter>
    </ClInclude>
    <ClInclude Include="E:\prjs\FireBreath-master\src\PluginCore\PluginEvents\MacEventCarbon.h">
      <Filter>PluginEvents</Filter>
    </ClInclude>
    <ClInclude Include="E:\prjs\FireBreath-master\src\PluginCore\PluginEvents\MacEventCocoa.h">
      <Filter>PluginEvents</Filter>
    </ClInclude>
    <ClInclude Include="E:\prjs\FireBreath-master\src\PluginCore\PluginEvents\MouseEvents.h">
      <Filter>PluginEvents</Filter>
    </ClInclude>
    <ClInclude Include="E:\prjs\FireBreath-master\src\PluginCore\PluginEvents\StreamEvents.h">
      <Filter>PluginEvents</Filter>
    </ClInclude>
    <ClInclude Include="E:\prjs\FireBreath-master\src\PluginCore\PluginEvents\WindowsEvent.h">
      <Filter>PluginEvents</Filter>
    </ClInclude>
    <ClInclude Include="E:\prjs\FireBreath-master\src\PluginCore\PluginEvents\X11Event.h">
      <Filter>PluginEvents</Filter>
    </ClInclude>
    <ClInclude Include="E:\prjs\FireBreath-master\src\PluginCore\PluginEvents\X11NativeGdkEvent.h">
      <Filter>PluginEvents</Filter>
    </ClInclude>
    <ClInclude Include="E:\prjs\FireBreath-master\src\PluginCore\Win\KeyCodesWin.h">
      <Filter>Windows</Filter>
    </ClInclude>
    <ClInclude Include="E:\prjs\FireBreath-master\src\PluginCore\Win\SystemProxyDetectorWin.h">
      <Filter>Windows</Filter>
    </ClInclude>
    <ClInclude Include="E:\prjs\FireBreath-master\src\PluginCore\Win\WinMessageWindow.h">
      <Filter>Windows</Filter>
    </ClInclude>
    <ClInclude Include="E:\prjs\FireBreath-master\src\PluginCore\Win\WindowContextWin.h">
      <Filter>Windows</Filter>
    </ClInclude>
    <ClInclude Include="E:\prjs\FireBreath-master\src\PluginCore\Mac\OneShotManager.h">
      <Filter>Mac</Filter>
    </ClInclude>
    <ClInclude Include="E:\prjs\FireBreath-master\src\PluginCore\Mac\SystemProxyDetectorMac.h">
      <Filter>Mac</Filter>
    </ClInclude>
    <ClInclude Include="E:\prjs\FireBreath-master\src\PluginCore\Mac\SystemProxyDetectorMac.cpp">
      <Filter>Mac</Filter>
    </ClInclude>
    <ClInclude Include="E:\prjs\FireBreath-master\src\PluginCore\Mac\OneShotManager.mm">
      <Filter>Mac</Filter>
    </ClInclude>
    <ClInclude Include="E:\prjs\FireBreath-master\src\PluginCore\Mac\SystemHelpersMac.mm">
      <Filter>Mac</Filter>
    </ClInclude>
    <ClInclude Include="E:\prjs\FireBreath-master\src\PluginCore\X11\SystemProxyDetectorX11.h">
      <Filter>X11</Filter>
    </ClInclude>
    <ClInclude Include="E:\prjs\FireBreath-master\src\PluginCore\X11\SystemHelpersX11.cpp">
      <Filter>X11</Filter>
    </ClInclude>
    <ClInclude Include="E:\prjs\FireBreath-master\src\PluginCore\X11\SystemProxyDetectorX11.cpp">
      <Filter>X11</Filter>
    </ClInclude>
  </ItemGroup>
  <ItemGroup>
    <CustomBuild Include="E:\prjs\FireBreath-master\src\PluginCore\CMakeLists.txt" />
  </ItemGroup>
  <ItemGroup>
    <Filter Include="Header Files">
      <UniqueIdentifier>{43D85277-F6DE-3049-887B-D034FD415188}</UniqueIdentifier>
    </Filter>
    <Filter Include="Mac">
      <UniqueIdentifier>{7F56BFBD-E3AB-3C59-B544-B125DC18B4BE}</UniqueIdentifier>
    </Filter>
    <Filter Include="PluginEvents">
      <UniqueIdentifier>{C11BF93A-4B63-33DA-A0C3-13DD579A246F}</UniqueIdentifier>
    </Filter>
    <Filter Include="Source Files">
      <UniqueIdentifier>{4447B5BE-05E7-3745-9B75-A53998BB8E15}</UniqueIdentifier>
    </Filter>
    <Filter Include="Windows">
      <UniqueIdentifier>{AFDE4A0D-ADDE-3207-B703-57F624C9BFF0}</UniqueIdentifier>
    </Filter>
    <Filter Include="X11">
      <UniqueIdentifier>{94EC936A-FDC8-3CFC-BE2F-EDCCDB2A8B65}</UniqueIdentifier>
    </Filter>
  </ItemGroup>
</Project>
